
Microsoft Visual Studio Solution File, Format Version 12.00
# Visual Studio Version 17
VisualStudioVersion = 17.5.33530.505
MinimumVisualStudioVersion = 10.0.40219.1
Project("{FAE04EC0-301F-11D3-BF4B-00C04F79EFBC}") = "loadtestapi", "loadtestapi.csproj", "{B2D397E8-271B-4F47-9F49-7F20B4A1DF10}"
EndProject
Global
	GlobalSection(SolutionConfigurationPlatforms) = preSolution
		Debug|Any CPU = Debug|Any CPU
		Release|Any CPU = Release|Any CPU
	EndGlobalSection
	GlobalSection(ProjectConfigurationPlatforms) = postSolution
		{B2D397E8-271B-4F47-9F49-7F20B4A1DF10}.Debug|Any CPU.ActiveCfg = Debug|Any CPU
		{B2D397E8-271B-4F47-9F49-7F20B4A1DF10}.Debug|Any CPU.Build.0 = Debug|Any CPU
		{B2D397E8-271B-4F47-9F49-7F20B4A1DF10}.Release|Any CPU.ActiveCfg = Release|Any CPU
		{B2D397E8-271B-4F47-9F49-7F20B4A1DF10}.Release|Any CPU.Build.0 = Release|Any CPU
	EndGlobalSection
	GlobalSection(SolutionProperties) = preSolution
		HideSolutionNode = FALSE
	EndGlobalSection
	GlobalSection(ExtensibilityGlobals) = postSolution
		SolutionGuid = {B8A2630A-A906-4FDD-9628-D6796A957F42}
	EndGlobalSection
EndGlobal
